
Microsoft Visual Studio Solution File, Format Version 12.00
# Visual Studio 14
VisualStudioVersion = 14.0.25123.0
MinimumVisualStudioVersion = 10.0.40219.1
Project("{8BC9CEB8-8B4A-11D0-8D11-00A0C91BC942}") = "AIEMathsLibrary", "AIEMathsLibrary\AIEMathsLibrary.vcxproj", "{7AC66BA4-5A65-4CD0-8849-A78740E7CFAA}"
EndProject
Project("{8BC9CEB8-8B4A-11D0-8D11-00A0C91BC942}") = "Bootstrap", "bootstrap\Bootstrap.vcxproj", "{AF59BB0B-E059-4773-83DC-728A949647DA}"
EndProject
Project("{8BC9CEB8-8B4A-11D0-8D11-00A0C91BC942}") = "AIEDataGame", "AIEDataGame\AIEDataGame.vcxproj", "{44D1DE9B-55D4-4E04-A3D8-4531FF0B0352}"
	ProjectSection(ProjectDependencies) = postProject
		{AF59BB0B-E059-4773-83DC-728A949647DA} = {AF59BB0B-E059-4773-83DC-728A949647DA}
		{7AC66BA4-5A65-4CD0-8849-A78740E7CFAA} = {7AC66BA4-5A65-4CD0-8849-A78740E7CFAA}
	EndProjectSection
EndProject
Global
	GlobalSection(SolutionConfigurationPlatforms) = preSolution
		Debug|x64 = Debug|x64
		Debug|x86 = Debug|x86
		Release|x64 = Release|x64
		Release|x86 = Release|x86
	EndGlobalSection
	GlobalSection(ProjectConfigurationPlatforms) = postSolution
		{7AC66BA4-5A65-4CD0-8849-A78740E7CFAA}.Debug|x64.ActiveCfg = DLL_DEBUG|x64
		{7AC66BA4-5A65-4CD0-8849-A78740E7CFAA}.Debug|x64.Build.0 = DLL_DEBUG|x64
		{7AC66BA4-5A65-4CD0-8849-A78740E7CFAA}.Debug|x86.ActiveCfg = DLL_DEBUG|Win32
		{7AC66BA4-5A65-4CD0-8849-A78740E7CFAA}.Debug|x86.Build.0 = DLL_DEBUG|Win32
		{7AC66BA4-5A65-4CD0-8849-A78740E7CFAA}.Release|x64.ActiveCfg = DLL|x64
		{7AC66BA4-5A65-4CD0-8849-A78740E7CFAA}.Release|x64.Build.0 = DLL|x64
		{7AC66BA4-5A65-4CD0-8849-A78740E7CFAA}.Release|x86.ActiveCfg = DLL|Win32
		{7AC66BA4-5A65-4CD0-8849-A78740E7CFAA}.Release|x86.Build.0 = DLL|Win32
		{AF59BB0B-E059-4773-83DC-728A949647DA}.Debug|x64.ActiveCfg = Debug|Win32
		{AF59BB0B-E059-4773-83DC-728A949647DA}.Debug|x64.Build.0 = Debug|Win32
		{AF59BB0B-E059-4773-83DC-728A949647DA}.Debug|x86.ActiveCfg = Debug|Win32
		{AF59BB0B-E059-4773-83DC-728A949647DA}.Debug|x86.Build.0 = Debug|Win32
		{AF59BB0B-E059-4773-83DC-728A949647DA}.Release|x64.ActiveCfg = Release|Win32
		{AF59BB0B-E059-4773-83DC-728A949647DA}.Release|x86.ActiveCfg = Release|Win32
		{AF59BB0B-E059-4773-83DC-728A949647DA}.Release|x86.Build.0 = Release|Win32
		{44D1DE9B-55D4-4E04-A3D8-4531FF0B0352}.Debug|x64.ActiveCfg = Debug|x64
		{44D1DE9B-55D4-4E04-A3D8-4531FF0B0352}.Debug|x64.Build.0 = Debug|x64
		{44D1DE9B-55D4-4E04-A3D8-4531FF0B0352}.Debug|x86.ActiveCfg = Debug|Win32
		{44D1DE9B-55D4-4E04-A3D8-4531FF0B0352}.Debug|x86.Build.0 = Debug|Win32
		{44D1DE9B-55D4-4E04-A3D8-4531FF0B0352}.Release|x64.ActiveCfg = Release|x64
		{44D1DE9B-55D4-4E04-A3D8-4531FF0B0352}.Release|x64.Build.0 = Release|x64
		{44D1DE9B-55D4-4E04-A3D8-4531FF0B0352}.Release|x86.ActiveCfg = Release|Win32
		{44D1DE9B-55D4-4E04-A3D8-4531FF0B0352}.Release|x86.Build.0 = Release|Win32
	EndGlobalSection
	GlobalSection(SolutionProperties) = preSolution
		HideSolutionNode = FALSE
	EndGlobalSection
EndGlobal
