<?xml version="1.0" encoding="utf-8"?>
<Project ToolsVersion="4.0" xmlns="http://schemas.microsoft.com/developer/msbuild/2003">
  <ItemGroup>
    <Filter Include="Source Files">
      <UniqueIdentifier>{4FC737F1-C7A5-4376-A066-2A32D752A2FF}</UniqueIdentifier>
      <Extensions>cpp;c;cc;cxx;def;odl;idl;hpj;bat;asm;asmx</Extensions>
    </Filter>
    <Filter Include="Header Files">
      <UniqueIdentifier>{93995380-89BD-4b04-88EB-625FBE52EBFB}</UniqueIdentifier>
      <Extensions>h;hh;hpp;hxx;hm;inl;inc;xsd</Extensions>
    </Filter>
    <Filter Include="Resource Files">
      <UniqueIdentifier>{67DA6AB6-F800-4c08-8B7A-83BB121AAD01}</UniqueIdentifier>
      <Extensions>rc;ico;cur;bmp;dlg;rc2;rct;bin;rgs;gif;jpg;jpeg;jpe;resx;tiff;tif;png;wav;mfcribbon-ms</Extensions>
    </Filter>
    <Filter Include="Header Files\Collision">
      <UniqueIdentifier>{7f6ef783-dc70-4e45-86e2-a2b35c446b83}</UniqueIdentifier>
    </Filter>
    <Filter Include="Source Files\Collision">
      <UniqueIdentifier>{d3d8eac2-39a6-4c3a-9eab-3507d11a1184}</UniqueIdentifier>
    </Filter>
    <Filter Include="Header Files\Container">
      <UniqueIdentifier>{b44b9713-feba-472d-a55f-34baceb3fe12}</UniqueIdentifier>
    </Filter>
    <Filter Include="Header Files\UI">
      <UniqueIdentifier>{be92d789-b08e-4b51-804c-6ac2698b9600}</UniqueIdentifier>
    </Filter>
    <Filter Include="Source Files\UI">
      <UniqueIdentifier>{555d3904-0942-49ca-b7a6-7b7ce5c328b1}</UniqueIdentifier>
    </Filter>
    <Filter Include="Header Files\GameState">
      <UniqueIdentifier>{69dd1479-f35d-4d74-829a-b05dd50bb4a2}</UniqueIdentifier>
    </Filter>
    <Filter Include="Source Files\GameState">
      <UniqueIdentifier>{c2304fc6-0aec-4072-b0de-a17988c4086a}</UniqueIdentifier>
    </Filter>
    <Filter Include="Header Files\Resource">
      <UniqueIdentifier>{a8ef41a4-632d-4031-a12e-ad5295d5db29}</UniqueIdentifier>
    </Filter>
    <Filter Include="Source Files\Resource">
      <UniqueIdentifier>{7fc2aaaa-2081-4e83-a6ae-326bb78d1060}</UniqueIdentifier>
    </Filter>
    <Filter Include="Header Files\Game">
      <UniqueIdentifier>{4a2cd978-097c-4975-8182-523ff5531a32}</UniqueIdentifier>
    </Filter>
    <Filter Include="Source Files\Game">
      <UniqueIdentifier>{ca9edb67-8b4e-4fa3-86e3-ea882779e8fe}</UniqueIdentifier>
    </Filter>
    <Filter Include="Header Files\Pool">
      <UniqueIdentifier>{c7acc9e2-c7d1-407a-8653-a64a5c85562e}</UniqueIdentifier>
    </Filter>
    <Filter Include="Source Files\Pool">
      <UniqueIdentifier>{c67e0277-974e-4601-b2f5-041f62e774c8}</UniqueIdentifier>
    </Filter>
    <Filter Include="Header Files\Factory">
      <UniqueIdentifier>{ede2849e-6b9a-4d33-aac0-d5b1be7b2215}</UniqueIdentifier>
    </Filter>
    <Filter Include="Source Files\Factory">
      <UniqueIdentifier>{9aec715e-07d4-45d4-9400-6aa7797efe4f}</UniqueIdentifier>
    </Filter>
  </ItemGroup>
  <ItemGroup>
    <ClCompile Include="source\main.cpp">
      <Filter>Source Files</Filter>
    </ClCompile>
    <ClCompile Include="source\UnitTest.cpp">
      <Filter>Source Files</Filter>
    </ClCompile>
    <ClCompile Include="source\Log.cpp">
      <Filter>Source Files</Filter>
    </ClCompile>
    <ClCompile Include="source\Application2D.cpp">
      <Filter>Source Files</Filter>
    </ClCompile>
    <ClCompile Include="source\CollisionSolver.cpp">
      <Filter>Source Files\Collision</Filter>
    </ClCompile>
    <ClCompile Include="source\MenuState.cpp">
      <Filter>Source Files\GameState</Filter>
    </ClCompile>
    <ClCompile Include="source\Button.cpp">
      <Filter>Source Files\UI</Filter>
    </ClCompile>
    <ClCompile Include="source\ResourceManager.cpp">
      <Filter>Source Files\Resource</Filter>
    </ClCompile>
    <ClCompile Include="source\TextureResource.cpp">
      <Filter>Source Files\Resource</Filter>
    </ClCompile>
    <ClCompile Include="source\PopAction.cpp">
      <Filter>Source Files\GameState</Filter>
    </ClCompile>
    <ClCompile Include="source\PushAction.cpp">
      <Filter>Source Files\GameState</Filter>
    </ClCompile>
    <ClCompile Include="source\FontResource.cpp">
      <Filter>Source Files\Resource</Filter>
    </ClCompile>
    <ClCompile Include="source\Text.cpp">
      <Filter>Source Files\UI</Filter>
    </ClCompile>
    <ClCompile Include="source\Timer.cpp">
      <Filter>Source Files\UI</Filter>
    </ClCompile>
    <ClCompile Include="source\FunctionAction.cpp">
      <Filter>Source Files\GameState</Filter>
    </ClCompile>
    <ClCompile Include="source\PlayState.cpp">
      <Filter>Source Files\GameState</Filter>
    </ClCompile>
    <ClCompile Include="source\TickBox.cpp">
      <Filter>Source Files\UI</Filter>
    </ClCompile>
    <ClCompile Include="source\Sprite.cpp">
      <Filter>Source Files\UI</Filter>
    </ClCompile>
    <ClCompile Include="source\TransformComponent.cpp">
      <Filter>Source Files\Game</Filter>
    </ClCompile>
    <ClCompile Include="source\RendererComponent.cpp">
      <Filter>Source Files\Game</Filter>
    </ClCompile>
    <ClCompile Include="source\ColliderComponent.cpp">
      <Filter>Source Files\Game</Filter>
    </ClCompile>
    <ClCompile Include="source\GameObject.cpp">
      <Filter>Source Files\Game</Filter>
    </ClCompile>
    <ClCompile Include="source\Pool.cpp">
      <Filter>Source Files\Pool</Filter>
    </ClCompile>
    <ClCompile Include="source\Factory.cpp">
      <Filter>Source Files\Factory</Filter>
    </ClCompile>
  </ItemGroup>
  <ItemGroup>
    <ClInclude Include="source\MathLibrary.h">
      <Filter>Header Files</Filter>
    </ClInclude>
    <ClInclude Include="source\Log.h">
      <Filter>Header Files</Filter>
    </ClInclude>
    <ClInclude Include="source\UnitTest.h">
      <Filter>Header Files</Filter>
    </ClInclude>
    <ClInclude Include="source\Application2D.h">
      <Filter>Header Files</Filter>
    </ClInclude>
    <ClInclude Include="source\AABB.h">
      <Filter>Header Files\Collision</Filter>
    </ClInclude>
    <ClInclude Include="source\CollisionSolver.h">
      <Filter>Header Files\Collision</Filter>
    </ClInclude>
    <ClInclude Include="source\KeyList.h">
      <Filter>Header Files\Container</Filter>
    </ClInclude>
    <ClInclude Include="source\LinkedList.h">
      <Filter>Header Files\Container</Filter>
    </ClInclude>
    <ClInclude Include="source\LinkedTree.h">
      <Filter>Header Files\Container</Filter>
    </ClInclude>
    <ClInclude Include="source\GameState.h">
      <Filter>Header Files\GameState</Filter>
    </ClInclude>
    <ClInclude Include="source\MenuState.h">
      <Filter>Header Files\GameState</Filter>
    </ClInclude>
    <ClInclude Include="source\Item.h">
      <Filter>Header Files\UI</Filter>
    </ClInclude>
    <ClInclude Include="source\Button.h">
      <Filter>Header Files\UI</Filter>
    </ClInclude>
    <ClInclude Include="source\ResourceManager.h">
      <Filter>Header Files\Resource</Filter>
    </ClInclude>
    <ClInclude Include="source\Resource.h">
      <Filter>Header Files\Resource</Filter>
    </ClInclude>
    <ClInclude Include="source\TextureResource.h">
      <Filter>Header Files\Resource</Filter>
    </ClInclude>
    <ClInclude Include="source\PopAction.h">
      <Filter>Header Files\GameState</Filter>
    </ClInclude>
    <ClInclude Include="source\PushAction.h">
      <Filter>Header Files\GameState</Filter>
    </ClInclude>
    <ClInclude Include="source\Action.h">
      <Filter>Header Files\GameState</Filter>
    </ClInclude>
    <ClInclude Include="source\FontResource.h">
      <Filter>Header Files\Resource</Filter>
    </ClInclude>
    <ClInclude Include="source\Text.h">
      <Filter>Header Files\UI</Filter>
    </ClInclude>
    <ClInclude Include="source\Timer.h">
      <Filter>Header Files\UI</Filter>
    </ClInclude>
    <ClInclude Include="source\FunctionAction.h">
      <Filter>Header Files\GameState</Filter>
    </ClInclude>
    <ClInclude Include="source\PlayState.h">
      <Filter>Header Files\GameState</Filter>
    </ClInclude>
    <ClInclude Include="source\TickBox.h">
      <Filter>Header Files\UI</Filter>
    </ClInclude>
    <ClInclude Include="source\Sprite.h">
      <Filter>Header Files\UI</Filter>
    </ClInclude>
    <ClInclude Include="source\LinkedGraph.h">
      <Filter>Header Files\Container</Filter>
    </ClInclude>
    <ClInclude Include="source\QuadTree.h">
      <Filter>Header Files\Collision</Filter>
    </ClInclude>
    <ClInclude Include="source\BaseComponent.h">
      <Filter>Header Files\Game</Filter>
    </ClInclude>
    <ClInclude Include="source\GameObject.h">
      <Filter>Header Files\Game</Filter>
    </ClInclude>
    <ClInclude Include="source\TransformComponent.h">
      <Filter>Header Files\Game</Filter>
    </ClInclude>
    <ClInclude Include="source\RendererComponent.h">
      <Filter>Header Files\Game</Filter>
    </ClInclude>
    <ClInclude Include="source\ColliderComponent.h">
      <Filter>Header Files\Game</Filter>
    </ClInclude>
    <ClInclude Include="source\Factory.h">
      <Filter>Header Files\Factory</Filter>
    </ClInclude>
    <ClInclude Include="source\Pool.h">
      <Filter>Header Files\Pool</Filter>
    </ClInclude>
    <ClInclude Include="source\SinglePool.h">
      <Filter>Header Files\Pool</Filter>
    </ClInclude>
    <ClInclude Include="source\ScriptComponent.h">
      <Filter>Header Files\Game</Filter>
    </ClInclude>
  </ItemGroup>
</Project>